
Microsoft Visual Studio Solution File, Format Version 12.00
# Visual Studio Version 17
VisualStudioVersion = 17.11.35327.3
MinimumVisualStudioVersion = 10.0.40219.1
Project("{2150E333-8FDC-42A3-9474-1A3956D46DE8}") = "Task0", "Task0", "{C52E0395-FACA-4AD6-B554-C5F815CD3A8E}"
EndProject
Project("{9A19103F-16F7-4668-BE54-9A1E7A4F7556}") = "Tyuiu.NazarenkoVV.Sprint5.Task0.V25", "Tyuiu.NazarenkoVV.Sprint5.Task0.V25\Tyuiu.NazarenkoVV.Sprint5.Task0.V25.csproj", "{7E0F6B86-FA77-410E-BBFA-33CEC36055E4}"
EndProject
Project("{9A19103F-16F7-4668-BE54-9A1E7A4F7556}") = "Tyuiu.NazarenkoVV.Sprint5.Task0.V25.Lib", "Tyuiu.NazarenkoVV.Sprint5.Task0.V25.Lib\Tyuiu.NazarenkoVV.Sprint5.Task0.V25.Lib.csproj", "{A7B3279F-B65A-4BB2-A153-9F3580D2C132}"
EndProject
Project("{9A19103F-16F7-4668-BE54-9A1E7A4F7556}") = "Tyuiu.NazarenkoVV.Sprint5.Task0.V25.Test", "Tyuiu.NazarenkoVV.Sprint5.Task0.V25.Test\Tyuiu.NazarenkoVV.Sprint5.Task0.V25.Test.csproj", "{AA3CB373-67B9-4538-A9E5-619ED2F93A45}"
EndProject
Project("{2150E333-8FDC-42A3-9474-1A3956D46DE8}") = "Task1", "Task1", "{FBB78347-DF71-4410-8A71-225DA50D4805}"
EndProject
Project("{9A19103F-16F7-4668-BE54-9A1E7A4F7556}") = "Tyuiu.NazarenkoVV.Sprint5.Task1.V6", "Tyuiu.NazarenkoVV.Sprint5.Task1.V6\Tyuiu.NazarenkoVV.Sprint5.Task1.V6.csproj", "{DEA640CE-E593-4B6B-9680-BEAA99876F4C}"
EndProject
Project("{9A19103F-16F7-4668-BE54-9A1E7A4F7556}") = "Tyuiu.NazarenkoVV.Sprint5.Task1.V6.Lib", "Tyuiu.NazarenkoVV.Sprint5.Task1.V6.Lib\Tyuiu.NazarenkoVV.Sprint5.Task1.V6.Lib.csproj", "{BF5EDB48-A320-4159-98FF-FB2D00DB0C6D}"
EndProject
Project("{9A19103F-16F7-4668-BE54-9A1E7A4F7556}") = "Tyuiu.NazarenkoVV.Sprint5.Task1.V6.Test", "Tyuiu.NazarenkoVV.Sprint5.Task1.V6.Test\Tyuiu.NazarenkoVV.Sprint5.Task1.V6.Test.csproj", "{E8DD88D1-21B4-4A32-B43C-A3DDBB410053}"
EndProject
Project("{2150E333-8FDC-42A3-9474-1A3956D46DE8}") = "Task2", "Task2", "{E8B6CBFD-762B-4DA3-B33F-1DFB0B2579A1}"
EndProject
Project("{9A19103F-16F7-4668-BE54-9A1E7A4F7556}") = "Tyuiu.NazarenkoVV.Sprint5.Task2.V30", "Tyuiu.NazarenkoVV.Sprint5.Task2.V30\Tyuiu.NazarenkoVV.Sprint5.Task2.V30.csproj", "{35BA0C55-956F-4E02-82F6-0B9478525245}"
EndProject
Project("{9A19103F-16F7-4668-BE54-9A1E7A4F7556}") = "Tyuiu.NazarenkoVV.Sprint5.Task2.V30.Lib", "Tyuiu.NazarenkoVV.Sprint5.Task2.V30.Lib\Tyuiu.NazarenkoVV.Sprint5.Task2.V30.Lib.csproj", "{72B67E58-9B5C-4FF2-BC3E-D9CB6A915C10}"
EndProject
Project("{9A19103F-16F7-4668-BE54-9A1E7A4F7556}") = "Tyuiu.NazarenkoVV.Sprint5.Task2.V30.Test", "Tyuiu.NazarenkoVV.Sprint5.Task2.V30.Test\Tyuiu.NazarenkoVV.Sprint5.Task2.V30.Test.csproj", "{06C21BB0-B802-4005-9EDD-F9524B2DEF4C}"
EndProject
Project("{2150E333-8FDC-42A3-9474-1A3956D46DE8}") = "Task3", "Task3", "{4B0EDF3D-477F-480F-8B92-F29D64AB2433}"
EndProject
Project("{9A19103F-16F7-4668-BE54-9A1E7A4F7556}") = "Tyuiu.NazarenkoVV.Sprint5.Task3.V25", "Tyuiu.NazarenkoVV.Sprint5.Task3.V25\Tyuiu.NazarenkoVV.Sprint5.Task3.V25.csproj", "{4D216B0E-41D4-4893-8D1E-FDDCDCB4B299}"
EndProject
Project("{9A19103F-16F7-4668-BE54-9A1E7A4F7556}") = "Tyuiu.NazarenkoVV.Sprint5.Task3.V25.Lib", "Tyuiu.NazarenkoVV.Sprint5.Task3.V25.Lib\Tyuiu.NazarenkoVV.Sprint5.Task3.V25.Lib.csproj", "{E276660E-BDA1-4355-92A0-CE25F83065C3}"
EndProject
Project("{9A19103F-16F7-4668-BE54-9A1E7A4F7556}") = "Tyuiu.NazarenkoVV.Sprint5.Task3.V25.Test", "Tyuiu.NazarenkoVV.Sprint5.Task3.V25.Test\Tyuiu.NazarenkoVV.Sprint5.Task3.V25.Test.csproj", "{66072E74-08B8-40D0-8F36-0958B1A24109}"
EndProject
Project("{2150E333-8FDC-42A3-9474-1A3956D46DE8}") = "Task4", "Task4", "{0E8FA0B6-F926-462B-9014-73BE8B7F7739}"
EndProject
Project("{9A19103F-16F7-4668-BE54-9A1E7A4F7556}") = "Tyuiu.NazarenkoVV.Sprint5.Task4.V1", "Tyuiu.NazarenkoVV.Sprint5.Task4.V1\Tyuiu.NazarenkoVV.Sprint5.Task4.V1.csproj", "{A4F50A5B-529E-4804-A5E6-35CA042125E7}"
EndProject
Project("{9A19103F-16F7-4668-BE54-9A1E7A4F7556}") = "Tyuiu.NazarenkoVV.Sprint5.Task4.V1.Lib", "Tyuiu.NazarenkoVV.Sprint5.Task4.V1.Lib\Tyuiu.NazarenkoVV.Sprint5.Task4.V1.Lib.csproj", "{AF31D9D7-2206-470E-8551-13E788B79203}"
EndProject
Project("{9A19103F-16F7-4668-BE54-9A1E7A4F7556}") = "Tyuiu.NazarenkoVV.Sprint5.Task4.V1.Test", "Tyuiu.NazarenkoVV.Sprint5.Task4.V1.Test\Tyuiu.NazarenkoVV.Sprint5.Task4.V1.Test.csproj", "{F752434C-6D26-453E-89FD-23CDE836FF9D}"
EndProject
Project("{2150E333-8FDC-42A3-9474-1A3956D46DE8}") = "Task5", "Task5", "{DD346C07-E0F1-4AA7-9DC3-83797563F4BC}"
EndProject
Project("{9A19103F-16F7-4668-BE54-9A1E7A4F7556}") = "Tyuiu.NazarenkoVV.Sprint5.Task5.V19", "Tyuiu.NazarenkoVV.Sprint5.Task5.V19\Tyuiu.NazarenkoVV.Sprint5.Task5.V19.csproj", "{D15C43C2-A0D0-4744-8DB9-DC14C9EEA2D5}"
EndProject
Project("{9A19103F-16F7-4668-BE54-9A1E7A4F7556}") = "Tyuiu.NazarenkoVV.Sprint5.Task5.V19.Lib", "Tyuiu.NazarenkoVV.Sprint5.Task5.V19.Lib\Tyuiu.NazarenkoVV.Sprint5.Task5.V19.Lib.csproj", "{07DF3E02-0B81-4218-A1DB-746C12749F21}"
EndProject
Project("{9A19103F-16F7-4668-BE54-9A1E7A4F7556}") = "Tyuiu.NazarenkoVV.Sprint5.Task5.V19.Test", "Tyuiu.NazarenkoVV.Sprint5.Task5.V19.Test\Tyuiu.NazarenkoVV.Sprint5.Task5.V19.Test.csproj", "{1CC2B886-F370-4547-BF03-EC974756AA08}"
EndProject
Project("{2150E333-8FDC-42A3-9474-1A3956D46DE8}") = "Task6", "Task6", "{837E76A2-7DD8-4A48-BDC8-8CC55F241549}"
EndProject
Project("{9A19103F-16F7-4668-BE54-9A1E7A4F7556}") = "Tyuiu.NazarenkoVV.Sprint5.Task6.V15", "Tyuiu.NazarenkoVV.Sprint5.Task6.V15\Tyuiu.NazarenkoVV.Sprint5.Task6.V15.csproj", "{8D352876-D13D-429A-BE66-1CAB44E359D9}"
EndProject
Project("{9A19103F-16F7-4668-BE54-9A1E7A4F7556}") = "Tyuiu.NazarenkoVV.Sprint5.Task6.V15.Lib", "Tyuiu.NazarenkoVV.Sprint5.Task6.V15.Lib\Tyuiu.NazarenkoVV.Sprint5.Task6.V15.Lib.csproj", "{66E05C92-2DA2-4A59-8363-D27EAA12C7B1}"
EndProject
Project("{9A19103F-16F7-4668-BE54-9A1E7A4F7556}") = "Tyuiu.NazarenkoVV.Sprint5.Task6.V15.Test", "Tyuiu.NazarenkoVV.Sprint5.Task6.V15.Test\Tyuiu.NazarenkoVV.Sprint5.Task6.V15.Test.csproj", "{C4F4C836-7239-41B7-9A53-7383D4688F96}"
EndProject
Project("{2150E333-8FDC-42A3-9474-1A3956D46DE8}") = "Task7", "Task7", "{D2536BB4-ABC3-44EC-9519-5773C79317BC}"
EndProject
Project("{FAE04EC0-301F-11D3-BF4B-00C04F79EFBC}") = "Tyuiu.NazarenkoVV.Sprint5.Task7.V21", "Tyuiu.NazarenkoVV.Sprint5.Task7.V21\Tyuiu.NazarenkoVV.Sprint5.Task7.V21.csproj", "{B082FF19-688C-4873-BB07-820CAF7E7835}"
EndProject
Project("{FAE04EC0-301F-11D3-BF4B-00C04F79EFBC}") = "Tyuiu.NazarenkoVV.Sprint5.Task7.V21.Lib", "Tyuiu.NazarenkoVV.Sprint5.Task7.V21.Lib\Tyuiu.NazarenkoVV.Sprint5.Task7.V21.Lib.csproj", "{BA00C65B-25B2-4A34-BB97-53D8583FFD75}"
EndProject
Project("{FAE04EC0-301F-11D3-BF4B-00C04F79EFBC}") = "Tyuiu.NazarenkoVV.Sprint5.Task7.V21.Test", "Tyuiu.NazarenkoVV.Sprint5.Task7.V21.Test\Tyuiu.NazarenkoVV.Sprint5.Task7.V21.Test.csproj", "{A3616C8E-A1AF-41E4-8055-997FE219649C}"
EndProject
Global
	GlobalSection(SolutionConfigurationPlatforms) = preSolution
		Debug|Any CPU = Debug|Any CPU
		Release|Any CPU = Release|Any CPU
	EndGlobalSection
	GlobalSection(ProjectConfigurationPlatforms) = postSolution
		{7E0F6B86-FA77-410E-BBFA-33CEC36055E4}.Debug|Any CPU.ActiveCfg = Debug|Any CPU
		{7E0F6B86-FA77-410E-BBFA-33CEC36055E4}.Debug|Any CPU.Build.0 = Debug|Any CPU
		{7E0F6B86-FA77-410E-BBFA-33CEC36055E4}.Release|Any CPU.ActiveCfg = Release|Any CPU
		{7E0F6B86-FA77-410E-BBFA-33CEC36055E4}.Release|Any CPU.Build.0 = Release|Any CPU
		{A7B3279F-B65A-4BB2-A153-9F3580D2C132}.Debug|Any CPU.ActiveCfg = Debug|Any CPU
		{A7B3279F-B65A-4BB2-A153-9F3580D2C132}.Debug|Any CPU.Build.0 = Debug|Any CPU
		{A7B3279F-B65A-4BB2-A153-9F3580D2C132}.Release|Any CPU.ActiveCfg = Release|Any CPU
		{A7B3279F-B65A-4BB2-A153-9F3580D2C132}.Release|Any CPU.Build.0 = Release|Any CPU
		{AA3CB373-67B9-4538-A9E5-619ED2F93A45}.Debug|Any CPU.ActiveCfg = Debug|Any CPU
		{AA3CB373-67B9-4538-A9E5-619ED2F93A45}.Debug|Any CPU.Build.0 = Debug|Any CPU
		{AA3CB373-67B9-4538-A9E5-619ED2F93A45}.Release|Any CPU.ActiveCfg = Release|Any CPU
		{AA3CB373-67B9-4538-A9E5-619ED2F93A45}.Release|Any CPU.Build.0 = Release|Any CPU
		{DEA640CE-E593-4B6B-9680-BEAA99876F4C}.Debug|Any CPU.ActiveCfg = Debug|Any CPU
		{DEA640CE-E593-4B6B-9680-BEAA99876F4C}.Debug|Any CPU.Build.0 = Debug|Any CPU
		{DEA640CE-E593-4B6B-9680-BEAA99876F4C}.Release|Any CPU.ActiveCfg = Release|Any CPU
		{DEA640CE-E593-4B6B-9680-BEAA99876F4C}.Release|Any CPU.Build.0 = Release|Any CPU
		{BF5EDB48-A320-4159-98FF-FB2D00DB0C6D}.Debug|Any CPU.ActiveCfg = Debug|Any CPU
		{BF5EDB48-A320-4159-98FF-FB2D00DB0C6D}.Debug|Any CPU.Build.0 = Debug|Any CPU
		{BF5EDB48-A320-4159-98FF-FB2D00DB0C6D}.Release|Any CPU.ActiveCfg = Release|Any CPU
		{BF5EDB48-A320-4159-98FF-FB2D00DB0C6D}.Release|Any CPU.Build.0 = Release|Any CPU
		{E8DD88D1-21B4-4A32-B43C-A3DDBB410053}.Debug|Any CPU.ActiveCfg = Debug|Any CPU
		{E8DD88D1-21B4-4A32-B43C-A3DDBB410053}.Debug|Any CPU.Build.0 = Debug|Any CPU
		{E8DD88D1-21B4-4A32-B43C-A3DDBB410053}.Release|Any CPU.ActiveCfg = Release|Any CPU
		{E8DD88D1-21B4-4A32-B43C-A3DDBB410053}.Release|Any CPU.Build.0 = Release|Any CPU
		{35BA0C55-956F-4E02-82F6-0B9478525245}.Debug|Any CPU.ActiveCfg = Debug|Any CPU
		{35BA0C55-956F-4E02-82F6-0B9478525245}.Debug|Any CPU.Build.0 = Debug|Any CPU
		{35BA0C55-956F-4E02-82F6-0B9478525245}.Release|Any CPU.ActiveCfg = Release|Any CPU
		{35BA0C55-956F-4E02-82F6-0B9478525245}.Release|Any CPU.Build.0 = Release|Any CPU
		{72B67E58-9B5C-4FF2-BC3E-D9CB6A915C10}.Debug|Any CPU.ActiveCfg = Debug|Any CPU
		{72B67E58-9B5C-4FF2-BC3E-D9CB6A915C10}.Debug|Any CPU.Build.0 = Debug|Any CPU
		{72B67E58-9B5C-4FF2-BC3E-D9CB6A915C10}.Release|Any CPU.ActiveCfg = Release|Any CPU
		{72B67E58-9B5C-4FF2-BC3E-D9CB6A915C10}.Release|Any CPU.Build.0 = Release|Any CPU
		{06C21BB0-B802-4005-9EDD-F9524B2DEF4C}.Debug|Any CPU.ActiveCfg = Debug|Any CPU
		{06C21BB0-B802-4005-9EDD-F9524B2DEF4C}.Debug|Any CPU.Build.0 = Debug|Any CPU
		{06C21BB0-B802-4005-9EDD-F9524B2DEF4C}.Release|Any CPU.ActiveCfg = Release|Any CPU
		{06C21BB0-B802-4005-9EDD-F9524B2DEF4C}.Release|Any CPU.Build.0 = Release|Any CPU
		{4D216B0E-41D4-4893-8D1E-FDDCDCB4B299}.Debug|Any CPU.ActiveCfg = Debug|Any CPU
		{4D216B0E-41D4-4893-8D1E-FDDCDCB4B299}.Debug|Any CPU.Build.0 = Debug|Any CPU
		{4D216B0E-41D4-4893-8D1E-FDDCDCB4B299}.Release|Any CPU.ActiveCfg = Release|Any CPU
		{4D216B0E-41D4-4893-8D1E-FDDCDCB4B299}.Release|Any CPU.Build.0 = Release|Any CPU
		{E276660E-BDA1-4355-92A0-CE25F83065C3}.Debug|Any CPU.ActiveCfg = Debug|Any CPU
		{E276660E-BDA1-4355-92A0-CE25F83065C3}.Debug|Any CPU.Build.0 = Debug|Any CPU
		{E276660E-BDA1-4355-92A0-CE25F83065C3}.Release|Any CPU.ActiveCfg = Release|Any CPU
		{E276660E-BDA1-4355-92A0-CE25F83065C3}.Release|Any CPU.Build.0 = Release|Any CPU
		{66072E74-08B8-40D0-8F36-0958B1A24109}.Debug|Any CPU.ActiveCfg = Debug|Any CPU
		{66072E74-08B8-40D0-8F36-0958B1A24109}.Debug|Any CPU.Build.0 = Debug|Any CPU
		{66072E74-08B8-40D0-8F36-0958B1A24109}.Release|Any CPU.ActiveCfg = Release|Any CPU
		{66072E74-08B8-40D0-8F36-0958B1A24109}.Release|Any CPU.Build.0 = Release|Any CPU
		{A4F50A5B-529E-4804-A5E6-35CA042125E7}.Debug|Any CPU.ActiveCfg = Debug|Any CPU
		{A4F50A5B-529E-4804-A5E6-35CA042125E7}.Debug|Any CPU.Build.0 = Debug|Any CPU
		{A4F50A5B-529E-4804-A5E6-35CA042125E7}.Release|Any CPU.ActiveCfg = Release|Any CPU
		{A4F50A5B-529E-4804-A5E6-35CA042125E7}.Release|Any CPU.Build.0 = Release|Any CPU
		{AF31D9D7-2206-470E-8551-13E788B79203}.Debug|Any CPU.ActiveCfg = Debug|Any CPU
		{AF31D9D7-2206-470E-8551-13E788B79203}.Debug|Any CPU.Build.0 = Debug|Any CPU
		{AF31D9D7-2206-470E-8551-13E788B79203}.Release|Any CPU.ActiveCfg = Release|Any CPU
		{AF31D9D7-2206-470E-8551-13E788B79203}.Release|Any CPU.Build.0 = Release|Any CPU
		{F752434C-6D26-453E-89FD-23CDE836FF9D}.Debug|Any CPU.ActiveCfg = Debug|Any CPU
		{F752434C-6D26-453E-89FD-23CDE836FF9D}.Debug|Any CPU.Build.0 = Debug|Any CPU
		{F752434C-6D26-453E-89FD-23CDE836FF9D}.Release|Any CPU.ActiveCfg = Release|Any CPU
		{F752434C-6D26-453E-89FD-23CDE836FF9D}.Release|Any CPU.Build.0 = Release|Any CPU
		{D15C43C2-A0D0-4744-8DB9-DC14C9EEA2D5}.Debug|Any CPU.ActiveCfg = Debug|Any CPU
		{D15C43C2-A0D0-4744-8DB9-DC14C9EEA2D5}.Debug|Any CPU.Build.0 = Debug|Any CPU
		{D15C43C2-A0D0-4744-8DB9-DC14C9EEA2D5}.Release|Any CPU.ActiveCfg = Release|Any CPU
		{D15C43C2-A0D0-4744-8DB9-DC14C9EEA2D5}.Release|Any CPU.Build.0 = Release|Any CPU
		{07DF3E02-0B81-4218-A1DB-746C12749F21}.Debug|Any CPU.ActiveCfg = Debug|Any CPU
		{07DF3E02-0B81-4218-A1DB-746C12749F21}.Debug|Any CPU.Build.0 = Debug|Any CPU
		{07DF3E02-0B81-4218-A1DB-746C12749F21}.Release|Any CPU.ActiveCfg = Release|Any CPU
		{07DF3E02-0B81-4218-A1DB-746C12749F21}.Release|Any CPU.Build.0 = Release|Any CPU
		{1CC2B886-F370-4547-BF03-EC974756AA08}.Debug|Any CPU.ActiveCfg = Debug|Any CPU
		{1CC2B886-F370-4547-BF03-EC974756AA08}.Debug|Any CPU.Build.0 = Debug|Any CPU
		{1CC2B886-F370-4547-BF03-EC974756AA08}.Release|Any CPU.ActiveCfg = Release|Any CPU
		{1CC2B886-F370-4547-BF03-EC974756AA08}.Release|Any CPU.Build.0 = Release|Any CPU
		{8D352876-D13D-429A-BE66-1CAB44E359D9}.Debug|Any CPU.ActiveCfg = Debug|Any CPU
		{8D352876-D13D-429A-BE66-1CAB44E359D9}.Debug|Any CPU.Build.0 = Debug|Any CPU
		{8D352876-D13D-429A-BE66-1CAB44E359D9}.Release|Any CPU.ActiveCfg = Release|Any CPU
		{8D352876-D13D-429A-BE66-1CAB44E359D9}.Release|Any CPU.Build.0 = Release|Any CPU
		{66E05C92-2DA2-4A59-8363-D27EAA12C7B1}.Debug|Any CPU.ActiveCfg = Debug|Any CPU
		{66E05C92-2DA2-4A59-8363-D27EAA12C7B1}.Debug|Any CPU.Build.0 = Debug|Any CPU
		{66E05C92-2DA2-4A59-8363-D27EAA12C7B1}.Release|Any CPU.ActiveCfg = Release|Any CPU
		{66E05C92-2DA2-4A59-8363-D27EAA12C7B1}.Release|Any CPU.Build.0 = Release|Any CPU
		{C4F4C836-7239-41B7-9A53-7383D4688F96}.Debug|Any CPU.ActiveCfg = Debug|Any CPU
		{C4F4C836-7239-41B7-9A53-7383D4688F96}.Debug|Any CPU.Build.0 = Debug|Any CPU
		{C4F4C836-7239-41B7-9A53-7383D4688F96}.Release|Any CPU.ActiveCfg = Release|Any CPU
		{C4F4C836-7239-41B7-9A53-7383D4688F96}.Release|Any CPU.Build.0 = Release|Any CPU
		{B082FF19-688C-4873-BB07-820CAF7E7835}.Debug|Any CPU.ActiveCfg = Debug|Any CPU
		{B082FF19-688C-4873-BB07-820CAF7E7835}.Debug|Any CPU.Build.0 = Debug|Any CPU
		{B082FF19-688C-4873-BB07-820CAF7E7835}.Release|Any CPU.ActiveCfg = Release|Any CPU
		{B082FF19-688C-4873-BB07-820CAF7E7835}.Release|Any CPU.Build.0 = Release|Any CPU
		{BA00C65B-25B2-4A34-BB97-53D8583FFD75}.Debug|Any CPU.ActiveCfg = Debug|Any CPU
		{BA00C65B-25B2-4A34-BB97-53D8583FFD75}.Debug|Any CPU.Build.0 = Debug|Any CPU
		{BA00C65B-25B2-4A34-BB97-53D8583FFD75}.Release|Any CPU.ActiveCfg = Release|Any CPU
		{BA00C65B-25B2-4A34-BB97-53D8583FFD75}.Release|Any CPU.Build.0 = Release|Any CPU
		{A3616C8E-A1AF-41E4-8055-997FE219649C}.Debug|Any CPU.ActiveCfg = Debug|Any CPU
		{A3616C8E-A1AF-41E4-8055-997FE219649C}.Debug|Any CPU.Build.0 = Debug|Any CPU
		{A3616C8E-A1AF-41E4-8055-997FE219649C}.Release|Any CPU.ActiveCfg = Release|Any CPU
		{A3616C8E-A1AF-41E4-8055-997FE219649C}.Release|Any CPU.Build.0 = Release|Any CPU
	EndGlobalSection
	GlobalSection(SolutionProperties) = preSolution
		HideSolutionNode = FALSE
	EndGlobalSection
	GlobalSection(NestedProjects) = preSolution
		{7E0F6B86-FA77-410E-BBFA-33CEC36055E4} = {C52E0395-FACA-4AD6-B554-C5F815CD3A8E}
		{A7B3279F-B65A-4BB2-A153-9F3580D2C132} = {C52E0395-FACA-4AD6-B554-C5F815CD3A8E}
		{AA3CB373-67B9-4538-A9E5-619ED2F93A45} = {C52E0395-FACA-4AD6-B554-C5F815CD3A8E}
		{DEA640CE-E593-4B6B-9680-BEAA99876F4C} = {FBB78347-DF71-4410-8A71-225DA50D4805}
		{BF5EDB48-A320-4159-98FF-FB2D00DB0C6D} = {FBB78347-DF71-4410-8A71-225DA50D4805}
		{E8DD88D1-21B4-4A32-B43C-A3DDBB410053} = {FBB78347-DF71-4410-8A71-225DA50D4805}
		{35BA0C55-956F-4E02-82F6-0B9478525245} = {E8B6CBFD-762B-4DA3-B33F-1DFB0B2579A1}
		{72B67E58-9B5C-4FF2-BC3E-D9CB6A915C10} = {E8B6CBFD-762B-4DA3-B33F-1DFB0B2579A1}
		{06C21BB0-B802-4005-9EDD-F9524B2DEF4C} = {E8B6CBFD-762B-4DA3-B33F-1DFB0B2579A1}
		{4D216B0E-41D4-4893-8D1E-FDDCDCB4B299} = {4B0EDF3D-477F-480F-8B92-F29D64AB2433}
		{E276660E-BDA1-4355-92A0-CE25F83065C3} = {4B0EDF3D-477F-480F-8B92-F29D64AB2433}
		{66072E74-08B8-40D0-8F36-0958B1A24109} = {4B0EDF3D-477F-480F-8B92-F29D64AB2433}
		{A4F50A5B-529E-4804-A5E6-35CA042125E7} = {0E8FA0B6-F926-462B-9014-73BE8B7F7739}
		{AF31D9D7-2206-470E-8551-13E788B79203} = {0E8FA0B6-F926-462B-9014-73BE8B7F7739}
		{F752434C-6D26-453E-89FD-23CDE836FF9D} = {0E8FA0B6-F926-462B-9014-73BE8B7F7739}
		{D15C43C2-A0D0-4744-8DB9-DC14C9EEA2D5} = {DD346C07-E0F1-4AA7-9DC3-83797563F4BC}
		{07DF3E02-0B81-4218-A1DB-746C12749F21} = {DD346C07-E0F1-4AA7-9DC3-83797563F4BC}
		{1CC2B886-F370-4547-BF03-EC974756AA08} = {DD346C07-E0F1-4AA7-9DC3-83797563F4BC}
		{8D352876-D13D-429A-BE66-1CAB44E359D9} = {837E76A2-7DD8-4A48-BDC8-8CC55F241549}
		{66E05C92-2DA2-4A59-8363-D27EAA12C7B1} = {837E76A2-7DD8-4A48-BDC8-8CC55F241549}
		{C4F4C836-7239-41B7-9A53-7383D4688F96} = {837E76A2-7DD8-4A48-BDC8-8CC55F241549}
		{B082FF19-688C-4873-BB07-820CAF7E7835} = {D2536BB4-ABC3-44EC-9519-5773C79317BC}
		{BA00C65B-25B2-4A34-BB97-53D8583FFD75} = {D2536BB4-ABC3-44EC-9519-5773C79317BC}
		{A3616C8E-A1AF-41E4-8055-997FE219649C} = {D2536BB4-ABC3-44EC-9519-5773C79317BC}
	EndGlobalSection
	GlobalSection(ExtensibilityGlobals) = postSolution
		SolutionGuid = {AEAF97A3-6544-4669-BAA0-B589992BD37B}
	EndGlobalSection
EndGlobal
